// !$*UTF8*$!
{
	archiveVersion = 1;
	classes = {
	};
	objectVersion = 56;
	objects = {

/* Begin PBXBuildFile section */
		EF1C544A2979088700B01B2F /* FunctionCollection.swift in Sources */ = {isa = PBXBuildFile; fileRef = EF1C54492979088700B01B2F /* FunctionCollection.swift */; };
		EF83308C298B899B00B167EC /* AdminViewController.swift in Sources */ = {isa = PBXBuildFile; fileRef = EF83308B298B899B00B167EC /* AdminViewController.swift */; };
		EF88967C29766CB400E4B4DD /* LogInViewController.swift in Sources */ = {isa = PBXBuildFile; fileRef = EF88967B29766CB400E4B4DD /* LogInViewController.swift */; };
		EF88967E29766D2600E4B4DD /* SignUpViewController.swift in Sources */ = {isa = PBXBuildFile; fileRef = EF88967D29766D2600E4B4DD /* SignUpViewController.swift */; };
		EF889680297673F300E4B4DD /* NewUserStruct.swift in Sources */ = {isa = PBXBuildFile; fileRef = EF88967F297673F300E4B4DD /* NewUserStruct.swift */; };
		EFAA2B3D297668ED00CA0920 /* AppDelegate.swift in Sources */ = {isa = PBXBuildFile; fileRef = EFAA2B3C297668ED00CA0920 /* AppDelegate.swift */; };
		EFAA2B3F297668ED00CA0920 /* SceneDelegate.swift in Sources */ = {isa = PBXBuildFile; fileRef = EFAA2B3E297668ED00CA0920 /* SceneDelegate.swift */; };
		EFAA2B41297668ED00CA0920 /* ViewController.swift in Sources */ = {isa = PBXBuildFile; fileRef = EFAA2B40297668ED00CA0920 /* ViewController.swift */; };
		EFAA2B44297668ED00CA0920 /* Main.storyboard in Resources */ = {isa = PBXBuildFile; fileRef = EFAA2B42297668ED00CA0920 /* Main.storyboard */; };
		EFAA2B46297668EE00CA0920 /* Assets.xcassets in Resources */ = {isa = PBXBuildFile; fileRef = EFAA2B45297668EE00CA0920 /* Assets.xcassets */; };
		EFAA2B49297668EE00CA0920 /* LaunchScreen.storyboard in Resources */ = {isa = PBXBuildFile; fileRef = EFAA2B47297668EE00CA0920 /* LaunchScreen.storyboard */; };
		EFC0873D29810F8A001BC358 /* WelcomeViewController.swift in Sources */ = {isa = PBXBuildFile; fileRef = EFC0873C29810F8A001BC358 /* WelcomeViewController.swift */; };
		EFC0873F298116DA001BC358 /* EditViewController.swift in Sources */ = {isa = PBXBuildFile; fileRef = EFC0873E298116DA001BC358 /* EditViewController.swift */; };
/* End PBXBuildFile section */

/* Begin PBXFileReference section */
		EF1C54492979088700B01B2F /* FunctionCollection.swift */ = {isa = PBXFileReference; lastKnownFileType = sourcecode.swift; path = FunctionCollection.swift; sourceTree = "<group>"; };
		EF83308B298B899B00B167EC /* AdminViewController.swift */ = {isa = PBXFileReference; lastKnownFileType = sourcecode.swift; path = AdminViewController.swift; sourceTree = "<group>"; };
		EF88967B29766CB400E4B4DD /* LogInViewController.swift */ = {isa = PBXFileReference; lastKnownFileType = sourcecode.swift; path = LogInViewController.swift; sourceTree = "<group>"; };
		EF88967D29766D2600E4B4DD /* SignUpViewController.swift */ = {isa = PBXFileReference; lastKnownFileType = sourcecode.swift; path = SignUpViewController.swift; sourceTree = "<group>"; };
		EF88967F297673F300E4B4DD /* NewUserStruct.swift */ = {isa = PBXFileReference; lastKnownFileType = sourcecode.swift; path = NewUserStruct.swift; sourceTree = "<group>"; };
		EFAA2B39297668ED00CA0920 /* Login_Userdefault.app */ = {isa = PBXFileReference; explicitFileType = wrapper.application; includeInIndex = 0; path = Login_Userdefault.app; sourceTree = BUILT_PRODUCTS_DIR; };
		EFAA2B3C297668ED00CA0920 /* AppDelegate.swift */ = {isa = PBXFileReference; lastKnownFileType = sourcecode.swift; path = AppDelegate.swift; sourceTree = "<group>"; };
		EFAA2B3E297668ED00CA0920 /* SceneDelegate.swift */ = {isa = PBXFileReference; lastKnownFileType = sourcecode.swift; path = SceneDelegate.swift; sourceTree = "<group>"; };
		EFAA2B40297668ED00CA0920 /* ViewController.swift */ = {isa = PBXFileReference; lastKnownFileType = sourcecode.swift; path = ViewController.swift; sourceTree = "<group>"; };
		EFAA2B43297668ED00CA0920 /* Base */ = {isa = PBXFileReference; lastKnownFileType = file.storyboard; name = Base; path = Base.lproj/Main.storyboard; sourceTree = "<group>"; };
		EFAA2B45297668EE00CA0920 /* Assets.xcassets */ = {isa = PBXFileReference; lastKnownFileType = folder.assetcatalog; path = Assets.xcassets; sourceTree = "<group>"; };
		EFAA2B48297668EE00CA0920 /* Base */ = {isa = PBXFileReference; lastKnownFileType = file.storyboard; name = Base; path = Base.lproj/LaunchScreen.storyboard; sourceTree = "<group>"; };
		EFAA2B4A297668EE00CA0920 /* Info.plist */ = {isa = PBXFileReference; lastKnownFileType = text.plist.xml; path = Info.plist; sourceTree = "<group>"; };
		EFC0873C29810F8A001BC358 /* WelcomeViewController.swift */ = {isa = PBXFileReference; lastKnownFileType = sourcecode.swift; path = WelcomeViewController.swift; sourceTree = "<group>"; };
		EFC0873E298116DA001BC358 /* EditViewController.swift */ = {isa = PBXFileReference; lastKnownFileType = sourcecode.swift; path = EditViewController.swift; sourceTree = "<group>"; };
/* End PBXFileReference section */

/* Begin PBXFrameworksBuildPhase section */
		EFAA2B36297668ED00CA0920 /* Frameworks */ = {
			isa = PBXFrameworksBuildPhase;
			buildActionMask = 2147483647;
			files = (
			);
			runOnlyForDeploymentPostprocessing = 0;
		};
/* End PBXFrameworksBuildPhase section */

/* Begin PBXGroup section */
		EFAA2B30297668EC00CA0920 = {
			isa = PBXGroup;
			children = (
				EFAA2B3B297668ED00CA0920 /* Login_Userdefault */,
				EFAA2B3A297668ED00CA0920 /* Products */,
			);
			sourceTree = "<group>";
		};
		EFAA2B3A297668ED00CA0920 /* Products */ = {
			isa = PBXGroup;
			children = (
				EFAA2B39297668ED00CA0920 /* Login_Userdefault.app */,
			);
			name = Products;
			sourceTree = "<group>";
		};
		EFAA2B3B297668ED00CA0920 /* Login_Userdefault */ = {
			isa = PBXGroup;
			children = (
				EFAA2B3C297668ED00CA0920 /* AppDelegate.swift */,
				EFAA2B3E297668ED00CA0920 /* SceneDelegate.swift */,
				EFAA2B40297668ED00CA0920 /* ViewController.swift */,
				EF88967B29766CB400E4B4DD /* LogInViewController.swift */,
				EFAA2B42297668ED00CA0920 /* Main.storyboard */,
				EFC0873C29810F8A001BC358 /* WelcomeViewController.swift */,
				EFC0873E298116DA001BC358 /* EditViewController.swift */,
				EF88967D29766D2600E4B4DD /* SignUpViewController.swift */,
				EF83308B298B899B00B167EC /* AdminViewController.swift */,
				EF88967F297673F300E4B4DD /* NewUserStruct.swift */,
				EF1C54492979088700B01B2F /* FunctionCollection.swift */,
				EFAA2B45297668EE00CA0920 /* Assets.xcassets */,
				EFAA2B47297668EE00CA0920 /* LaunchScreen.storyboard */,
				EFAA2B4A297668EE00CA0920 /* Info.plist */,
			);
			path = Login_Userdefault;
			sourceTree = "<group>";
		};
/* End PBXGroup section */

/* Begin PBXNativeTarget section */
		EFAA2B38297668ED00CA0920 /* Login_Userdefault */ = {
			isa = PBXNativeTarget;
			buildConfigurationList = EFAA2B4D297668EE00CA0920 /* Build configuration list for PBXNativeTarget "Login_Userdefault" */;
			buildPhases = (
				EFAA2B35297668ED00CA0920 /* Sources */,
				EFAA2B36297668ED00CA0920 /* Frameworks */,
				EFAA2B37297668ED00CA0920 /* Resources */,
			);
			buildRules = (
			);
			dependencies = (
			);
			name = Login_Userdefault;
			productName = Login_Userdefault;
			productReference = EFAA2B39297668ED00CA0920 /* Login_Userdefault.app */;
			productType = "com.apple.product-type.application";
		};
/* End PBXNativeTarget section */

/* Begin PBXProject section */
		EFAA2B31297668EC00CA0920 /* Project object */ = {
			isa = PBXProject;
			attributes = {
				BuildIndependentTargetsInParallel = 1;
				LastSwiftUpdateCheck = 1420;
				LastUpgradeCheck = 1420;
				TargetAttributes = {
					EFAA2B38297668ED00CA0920 = {
						CreatedOnToolsVersion = 14.2;
					};
				};
			};
			buildConfigurationList = EFAA2B34297668EC00CA0920 /* Build configuration list for PBXProject "Login_Userdefault" */;
			compatibilityVersion = "Xcode 14.0";
			developmentRegion = en;
			hasScannedForEncodings = 0;
			knownRegions = (
				en,
				Base,
			);
			mainGroup = EFAA2B30297668EC00CA0920;
			productRefGroup = EFAA2B3A297668ED00CA0920 /* Products */;
			projectDirPath = "";
			projectRoot = "";
			targets = (
				EFAA2B38297668ED00CA0920 /* Login_Userdefault */,
			);
		};
/* End PBXProject section */

/* Begin PBXResourcesBuildPhase section */
		EFAA2B37297668ED00CA0920 /* Resources */ = {
			isa = PBXResourcesBuildPhase;
			buildActionMask = 2147483647;
			files = (
				EFAA2B49297668EE00CA0920 /* LaunchScreen.storyboard in Resources */,
				EFAA2B46297668EE00CA0920 /* Assets.xcassets in Resources */,
				EFAA2B44297668ED00CA0920 /* Main.storyboard in Resources */,
			);
			runOnlyForDeploymentPostprocessing = 0;
		};
/* End PBXResourcesBuildPhase section */

/* Begin PBXSourcesBuildPhase section */
		EFAA2B35297668ED00CA0920 /* Sources */ = {
			isa = PBXSourcesBuildPhase;
			buildActionMask = 2147483647;
			files = (
				EF88967C29766CB400E4B4DD /* LogInViewController.swift in Sources */,
				EFC0873D29810F8A001BC358 /* WelcomeViewController.swift in Sources */,
				EFAA2B41297668ED00CA0920 /* ViewController.swift in Sources */,
				EFAA2B3D297668ED00CA0920 /* AppDelegate.swift in Sources */,
				EFAA2B3F297668ED00CA0920 /* SceneDelegate.swift in Sources */,
				EF1C544A2979088700B01B2F /* FunctionCollection.swift in Sources */,
				EF889680297673F300E4B4DD /* NewUserStruct.swift in Sources */,
				EF88967E29766D2600E4B4DD /* SignUpViewController.swift in Sources */,
				EF83308C298B899B00B167EC /* AdminViewController.swift in Sources */,
				EFC0873F298116DA001BC358 /* EditViewController.swift in Sources */,
			);
			runOnlyForDeploymentPostprocessing = 0;
		};
/* End PBXSourcesBuildPhase section */

/* Begin PBXVariantGroup section */
		EFAA2B42297668ED00CA0920 /* Main.storyboard */ = {
			isa = PBXVariantGroup;
			children = (
				EFAA2B43297668ED00CA0920 /* Base */,
			);
			name = Main.storyboard;
			sourceTree = "<group>";
		};
		EFAA2B47297668EE00CA0920 /* LaunchScreen.storyboard */ = {
			isa = PBXVariantGroup;
			children = (
				EFAA2B48297668EE00CA0920 /* Base */,
			);
			name = LaunchScreen.storyboard;
			sourceTree = "<group>";
		};
/* End PBXVariantGroup section */

/* Begin XCBuildConfiguration section */
		EFAA2B4B297668EE00CA0920 /* Debug */ = {
			isa = XCBuildConfiguration;
			buildSettings = {
				ALWAYS_SEARCH_USER_PATHS = NO;
				CLANG_ANALYZER_NONNULL = YES;
				CLANG_ANALYZER_NUMBER_OBJECT_CONVERSION = YES_AGGRESSIVE;
				CLANG_CXX_LANGUAGE_STANDARD = "gnu++20";
				CLANG_ENABLE_MODULES = YES;
				CLANG_ENABLE_OBJC_ARC = YES;
				CLANG_ENABLE_OBJC_WEAK = YES;
				CLANG_WARN_BLOCK_CAPTURE_AUTORELEASING = YES;
				CLANG_WARN_BOOL_CONVERSION = YES;
				CLANG_WARN_COMMA = YES;
				CLANG_WARN_CONSTANT_CONVERSION = YES;
				CLANG_WARN_DEPRECATED_OBJC_IMPLEMENTATIONS = YES;
				CLANG_WARN_DIRECT_OBJC_ISA_USAGE = YES_ERROR;
				CLANG_WARN_DOCUMENTATION_COMMENTS = YES;
				CLANG_WARN_EMPTY_BODY = YES;
				CLANG_WARN_ENUM_CONVERSION = YES;
				CLANG_WARN_INFINITE_RECURSION = YES;
				CLANG_WARN_INT_CONVERSION = YES;
				CLANG_WARN_NON_LITERAL_NULL_CONVERSION = YES;
				CLANG_WARN_OBJC_IMPLICIT_RETAIN_SELF = YES;
				CLANG_WARN_OBJC_LITERAL_CONVERSION = YES;
				CLANG_WARN_OBJC_ROOT_CLASS = YES_ERROR;
				CLANG_WARN_QUOTED_INCLUDE_IN_FRAMEWORK_HEADER = YES;
				CLANG_WARN_RANGE_LOOP_ANALYSIS = YES;
				CLANG_WARN_STRICT_PROTOTYPES = YES;
				CLANG_WARN_SUSPICIOUS_MOVE = YES;
				CLANG_WARN_UNGUARDED_AVAILABILITY = YES_AGGRESSIVE;
				CLANG_WARN_UNREACHABLE_CODE = YES;
				CLANG_WARN__DUPLICATE_METHOD_MATCH = YES;
				COPY_PHASE_STRIP = NO;
				DEBUG_INFORMATION_FORMAT = dwarf;
				ENABLE_STRICT_OBJC_MSGSEND = YES;
				ENABLE_TESTABILITY = YES;
				GCC_C_LANGUAGE_STANDARD = gnu11;
				GCC_DYNAMIC_NO_PIC = NO;
				GCC_NO_COMMON_BLOCKS = YES;
				GCC_OPTIMIZATION_LEVEL = 0;
				GCC_PREPROCESSOR_DEFINITIONS = (
					"DEBUG=1",
					"$(inherited)",
				);
				GCC_WARN_64_TO_32_BIT_CONVERSION = YES;
				GCC_WARN_ABOUT_RETURN_TYPE = YES_ERROR;
				GCC_WARN_UNDECLARED_SELECTOR = YES;
				GCC_WARN_UNINITIALIZED_AUTOS = YES_AGGRESSIVE;
				GCC_WARN_UNUSED_FUNCTION = YES;
				GCC_WARN_UNUSED_VARIABLE = YES;
				IPHONEOS_DEPLOYMENT_TARGET = 16.2;
				MTL_ENABLE_DEBUG_INFO = INCLUDE_SOURCE;
				MTL_FAST_MATH = YES;
				ONLY_ACTIVE_ARCH = YES;
				SDKROOT = iphoneos;
				SWIFT_ACTIVE_COMPILATION_CONDITIONS = DEBUG;
				SWIFT_OPTIMIZATION_LEVEL = "-Onone";
			};
			name = Debug;
		};
		EFAA2B4C297668EE00CA0920 /* Release */ = {
			isa = XCBuildConfiguration;
			buildSettings = {
				ALWAYS_SEARCH_USER_PATHS = NO;
				CLANG_ANALYZER_NONNULL = YES;
				CLANG_ANALYZER_NUMBER_OBJECT_CONVERSION = YES_AGGRESSIVE;
				CLANG_CXX_LANGUAGE_STANDARD = "gnu++20";
				CLANG_ENABLE_MODULES = YES;
				CLANG_ENABLE_OBJC_ARC = YES;
				CLANG_ENABLE_OBJC_WEAK = YES;
				CLANG_WARN_BLOCK_CAPTURE_AUTORELEASING = YES;
				CLANG_WARN_BOOL_CONVERSION = YES;
				CLANG_WARN_COMMA = YES;
				CLANG_WARN_CONSTANT_CONVERSION = YES;
				CLANG_WARN_DEPRECATED_OBJC_IMPLEMENTATIONS = YES;
				CLANG_WARN_DIRECT_OBJC_ISA_USAGE = YES_ERROR;
				CLANG_WARN_DOCUMENTATION_COMMENTS = YES;
				CLANG_WARN_EMPTY_BODY = YES;
				CLANG_WARN_ENUM_CONVERSION = YES;
				CLANG_WARN_INFINITE_RECURSION = YES;
				CLANG_WARN_INT_CONVERSION = YES;
				CLANG_WARN_NON_LITERAL_NULL_CONVERSION = YES;
				CLANG_WARN_OBJC_IMPLICIT_RETAIN_SELF = YES;
				CLANG_WARN_OBJC_LITERAL_CONVERSION = YES;
				CLANG_WARN_OBJC_ROOT_CLASS = YES_ERROR;
				CLANG_WARN_QUOTED_INCLUDE_IN_FRAMEWORK_HEADER = YES;
				CLANG_WARN_RANGE_LOOP_ANALYSIS = YES;
				CLANG_WARN_STRICT_PROTOTYPES = YES;
				CLANG_WARN_SUSPICIOUS_MOVE = YES;
				CLANG_WARN_UNGUARDED_AVAILABILITY = YES_AGGRESSIVE;
				CLANG_WARN_UNREACHABLE_CODE = YES;
				CLANG_WARN__DUPLICATE_METHOD_MATCH = YES;
				COPY_PHASE_STRIP = NO;
				DEBUG_INFORMATION_FORMAT = "dwarf-with-dsym";
				ENABLE_NS_ASSERTIONS = NO;
				ENABLE_STRICT_OBJC_MSGSEND = YES;
				GCC_C_LANGUAGE_STANDARD = gnu11;
				GCC_NO_COMMON_BLOCKS = YES;
				GCC_WARN_64_TO_32_BIT_CONVERSION = YES;
				GCC_WARN_ABOUT_RETURN_TYPE = YES_ERROR;
				GCC_WARN_UNDECLARED_SELECTOR = YES;
				GCC_WARN_UNINITIALIZED_AUTOS = YES_AGGRESSIVE;
				GCC_WARN_UNUSED_FUNCTION = YES;
				GCC_WARN_UNUSED_VARIABLE = YES;
				IPHONEOS_DEPLOYMENT_TARGET = 16.2;
				MTL_ENABLE_DEBUG_INFO = NO;
				MTL_FAST_MATH = YES;
				SDKROOT = iphoneos;
				SWIFT_COMPILATION_MODE = wholemodule;
				SWIFT_OPTIMIZATION_LEVEL = "-O";
				VALIDATE_PRODUCT = YES;
			};
			name = Release;
		};
		EFAA2B4E297668EE00CA0920 /* Debug */ = {
			isa = XCBuildConfiguration;
			buildSettings = {
				ASSETCATALOG_COMPILER_APPICON_NAME = AppIcon;
				ASSETCATALOG_COMPILER_GLOBAL_ACCENT_COLOR_NAME = AccentColor;
				CODE_SIGN_STYLE = Automatic;
				CURRENT_PROJECT_VERSION = 1;
				GENERATE_INFOPLIST_FILE = YES;
				INFOPLIST_FILE = Login_Userdefault/Info.plist;
				INFOPLIST_KEY_UIApplicationSupportsIndirectInputEvents = YES;
				INFOPLIST_KEY_UILaunchStoryboardName = LaunchScreen;
				INFOPLIST_KEY_UIMainStoryboardFile = Main;
				INFOPLIST_KEY_UISupportedInterfaceOrientations_iPad = "UIInterfaceOrientationPortrait UIInterfaceOrientationPortraitUpsideDown UIInterfaceOrientationLandscapeLeft UIInterfaceOrientationLandscapeRight";
				INFOPLIST_KEY_UISupportedInterfaceOrientations_iPhone = "UIInterfaceOrientationPortrait UIInterfaceOrientationLandscapeLeft UIInterfaceOrientationLandscapeRight";
				LD_RUNPATH_SEARCH_PATHS = (
					"$(inherited)",
					"@executable_path/Frameworks",
				);
				MARKETING_VERSION = 1.0;
				PRODUCT_BUNDLE_IDENTIFIER = "forloop.Login-Userdefault";
				PRODUCT_NAME = "$(TARGET_NAME)";
				SWIFT_EMIT_LOC_STRINGS = YES;
				SWIFT_VERSION = 5.0;
				TARGETED_DEVICE_FAMILY = "1,2";
			};
			name = Debug;
		};
		EFAA2B4F297668EE00CA0920 /* Release */ = {
			isa = XCBuildConfiguration;
			buildSettings = {
				ASSETCATALOG_COMPILER_APPICON_NAME = AppIcon;
				ASSETCATALOG_COMPILER_GLOBAL_ACCENT_COLOR_NAME = AccentColor;
				CODE_SIGN_STYLE = Automatic;
				CURRENT_PROJECT_VERSION = 1;
				GENERATE_INFOPLIST_FILE = YES;
				INFOPLIST_FILE = Login_Userdefault/Info.plist;
				INFOPLIST_KEY_UIApplicationSupportsIndirectInputEvents = YES;
				INFOPLIST_KEY_UILaunchStoryboardName = LaunchScreen;
				INFOPLIST_KEY_UIMainStoryboardFile = Main;
				INFOPLIST_KEY_UISupportedInterfaceOrientations_iPad = "UIInterfaceOrientationPortrait UIInterfaceOrientationPortraitUpsideDown UIInterfaceOrientationLandscapeLeft UIInterfaceOrientationLandscapeRight";
				INFOPLIST_KEY_UISupportedInterfaceOrientations_iPhone = "UIInterfaceOrientationPortrait UIInterfaceOrientationLandscapeLeft UIInterfaceOrientationLandscapeRight";
				LD_RUNPATH_SEARCH_PATHS = (
					"$(inherited)",
					"@executable_path/Frameworks",
				);
				MARKETING_VERSION = 1.0;
				PRODUCT_BUNDLE_IDENTIFIER = "forloop.Login-Userdefault";
				PRODUCT_NAME = "$(TARGET_NAME)";
				SWIFT_EMIT_LOC_STRINGS = YES;
				SWIFT_VERSION = 5.0;
				TARGETED_DEVICE_FAMILY = "1,2";
			};
			name = Release;
		};
/* End XCBuildConfiguration section */

/* Begin XCConfigurationList section */
		EFAA2B34297668EC00CA0920 /* Build configuration list for PBXProject "Login_Userdefault" */ = {
			isa = XCConfigurationList;
			buildConfigurations = (
				EFAA2B4B297668EE00CA0920 /* Debug */,
				EFAA2B4C297668EE00CA0920 /* Release */,
			);
			defaultConfigurationIsVisible = 0;
			defaultConfigurationName = Release;
		};
		EFAA2B4D297668EE00CA0920 /* Build configuration list for PBXNativeTarget "Login_Userdefault" */ = {
			isa = XCConfigurationList;
			buildConfigurations = (
				EFAA2B4E297668EE00CA0920 /* Debug */,
				EFAA2B4F297668EE00CA0920 /* Release */,
			);
			defaultConfigurationIsVisible = 0;
			defaultConfigurationName = Release;
		};
/* End XCConfigurationList section */
	};
	rootObject = EFAA2B31297668EC00CA0920 /* Project object */;
}
